
Microsoft Visual Studio Solution File, Format Version 12.00
# Visual Studio Version 17
VisualStudioVersion = 17.1.32210.238
MinimumVisualStudioVersion = 10.0.40219.1
Project("{FAE04EC0-301F-11D3-BF4B-00C04F79EFBC}") = "222011403", "222011403\222011403.csproj", "{2BD81D69-3436-4A61-9487-D065BCE31ABC}"
EndProject
Global
	GlobalSection(SolutionConfigurationPlatforms) = preSolution
		Debug|Any CPU = Debug|Any CPU
		Release|Any CPU = Release|Any CPU
	EndGlobalSection
	GlobalSection(ProjectConfigurationPlatforms) = postSolution
		{2BD81D69-3436-4A61-9487-D065BCE31ABC}.Debug|Any CPU.ActiveCfg = Debug|Any CPU
		{2BD81D69-3436-4A61-9487-D065BCE31ABC}.Debug|Any CPU.Build.0 = Debug|Any CPU
		{2BD81D69-3436-4A61-9487-D065BCE31ABC}.Release|Any CPU.ActiveCfg = Release|Any CPU
		{2BD81D69-3436-4A61-9487-D065BCE31ABC}.Release|Any CPU.Build.0 = Release|Any CPU
	EndGlobalSection
	GlobalSection(SolutionProperties) = preSolution
		HideSolutionNode = FALSE
	EndGlobalSection
	GlobalSection(ExtensibilityGlobals) = postSolution
		SolutionGuid = {DA25110D-6ED9-4639-8DAF-762CAABDA895}
	EndGlobalSection
EndGlobal
